
Microsoft Visual Studio Solution File, Format Version 12.00
# Visual Studio 15
VisualStudioVersion = 15.0.28307.539
MinimumVisualStudioVersion = 10.0.40219.1
Project("{FAE04EC0-301F-11D3-BF4B-00C04F79EFBC}") = "NADD", "NADD\NADD.csproj", "{8949368B-8C23-4D78-B70D-E8C14AB5875D}"
EndProject
Global
	GlobalSection(SolutionConfigurationPlatforms) = preSolution
		Debug|Any CPU = Debug|Any CPU
		Release|Any CPU = Release|Any CPU
	EndGlobalSection
	GlobalSection(ProjectConfigurationPlatforms) = postSolution
		{8949368B-8C23-4D78-B70D-E8C14AB5875D}.Debug|Any CPU.ActiveCfg = Debug|Any CPU
		{8949368B-8C23-4D78-B70D-E8C14AB5875D}.Debug|Any CPU.Build.0 = Debug|Any CPU
		{8949368B-8C23-4D78-B70D-E8C14AB5875D}.Release|Any CPU.ActiveCfg = Release|Any CPU
		{8949368B-8C23-4D78-B70D-E8C14AB5875D}.Release|Any CPU.Build.0 = Release|Any CPU
	EndGlobalSection
	GlobalSection(SolutionProperties) = preSolution
		HideSolutionNode = FALSE
	EndGlobalSection
	GlobalSection(ExtensibilityGlobals) = postSolution
		SolutionGuid = {27BFA498-D858-445E-8096-0F1F1C3E9326}
	EndGlobalSection
EndGlobal
